// !$*UTF8*$!
{
	archiveVersion = 1;
	classes = {
	};
	objectVersion = 46;
	objects = {

/* Begin PBXBuildFile section */
		0B80E4EA17E6E07A00D56EA1 /* UIKit.framework in Frameworks */ = {isa = PBXBuildFile; fileRef = 0B80E4E917E6E07A00D56EA1 /* UIKit.framework */; };
		0B80E4EC17E6E07A00D56EA1 /* Foundation.framework in Frameworks */ = {isa = PBXBuildFile; fileRef = 0B80E4EB17E6E07A00D56EA1 /* Foundation.framework */; };
		0B80E4EE17E6E07A00D56EA1 /* CoreGraphics.framework in Frameworks */ = {isa = PBXBuildFile; fileRef = 0B80E4ED17E6E07A00D56EA1 /* CoreGraphics.framework */; };
		0B80E4F417E6E07A00D56EA1 /* InfoPlist.strings in Resources */ = {isa = PBXBuildFile; fileRef = 0B80E4F217E6E07A00D56EA1 /* InfoPlist.strings */; };
		0B80E4F617E6E07A00D56EA1 /* main.m in Sources */ = {isa = PBXBuildFile; fileRef = 0B80E4F517E6E07A00D56EA1 /* main.m */; };
		0B80E4FA17E6E07A00D56EA1 /* AppDelegate.m in Sources */ = {isa = PBXBuildFile; fileRef = 0B80E4F917E6E07A00D56EA1 /* AppDelegate.m */; };
		0B80E4FC17E6E07A00D56EA1 /* Default.png in Resources */ = {isa = PBXBuildFile; fileRef = 0B80E4FB17E6E07A00D56EA1 /* Default.png */; };
		0B80E4FE17E6E07A00D56EA1 /* Default@2x.png in Resources */ = {isa = PBXBuildFile; fileRef = 0B80E4FD17E6E07A00D56EA1 /* Default@2x.png */; };
		0B80E50017E6E07A00D56EA1 /* Default-568h@2x.png in Resources */ = {isa = PBXBuildFile; fileRef = 0B80E4FF17E6E07A00D56EA1 /* Default-568h@2x.png */; };
		0B80E50317E6E07A00D56EA1 /* MainStoryboard.storyboard in Resources */ = {isa = PBXBuildFile; fileRef = 0B80E50117E6E07A00D56EA1 /* MainStoryboard.storyboard */; };
		0B80E50617E6E07A00D56EA1 /* ViewController.m in Sources */ = {isa = PBXBuildFile; fileRef = 0B80E50517E6E07A00D56EA1 /* ViewController.m */; };
/* End PBXBuildFile section */

/* Begin PBXFileReference section */
		0B80E4E617E6E07A00D56EA1 /* aaaaaaaaa.app */ = {isa = PBXFileReference; explicitFileType = wrapper.application; includeInIndex = 0; path = aaaaaaaaa.app; sourceTree = BUILT_PRODUCTS_DIR; };
		0B80E4E917E6E07A00D56EA1 /* UIKit.framework */ = {isa = PBXFileReference; lastKnownFileType = wrapper.framework; name = UIKit.framework; path = System/Library/Frameworks/UIKit.framework; sourceTree = SDKROOT; };
		0B80E4EB17E6E07A00D56EA1 /* Foundation.framework */ = {isa = PBXFileReference; lastKnownFileType = wrapper.framework; name = Foundation.framework; path = System/Library/Frameworks/Foundation.framework; sourceTree = SDKROOT; };
		0B80E4ED17E6E07A00D56EA1 /* CoreGraphics.framework */ = {isa = PBXFileReference; lastKnownFileType = wrapper.framework; name = CoreGraphics.framework; path = System/Library/Frameworks/CoreGraphics.framework; sourceTree = SDKROOT; };
		0B80E4F117E6E07A00D56EA1 /* aaaaaaaaa-Info.plist */ = {isa = PBXFileReference; lastKnownFileType = text.plist.xml; path = "aaaaaaaaa-Info.plist"; sourceTree = "<group>"; };
		0B80E4F317E6E07A00D56EA1 /* en */ = {isa = PBXFileReference; lastKnownFileType = text.plist.strings; name = en; path = en.lproj/InfoPlist.strings; sourceTree = "<group>"; };
		0B80E4F517E6E07A00D56EA1 /* main.m */ = {isa = PBXFileReference; lastKnownFileType = sourcecode.c.objc; path = main.m; sourceTree = "<group>"; };
		0B80E4F717E6E07A00D56EA1 /* aaaaaaaaa-Prefix.pch */ = {isa = PBXFileReference; lastKnownFileType = sourcecode.c.h; path = "aaaaaaaaa-Prefix.pch"; sourceTree = "<group>"; };
		0B80E4F817E6E07A00D56EA1 /* AppDelegate.h */ = {isa = PBXFileReference; lastKnownFileType = sourcecode.c.h; path = AppDelegate.h; sourceTree = "<group>"; };
		0B80E4F917E6E07A00D56EA1 /* AppDelegate.m */ = {isa = PBXFileReference; lastKnownFileType = sourcecode.c.objc; path = AppDelegate.m; sourceTree = "<group>"; };
		0B80E4FB17E6E07A00D56EA1 /* Default.png */ = {isa = PBXFileReference; lastKnownFileType = image.png; path = Default.png; sourceTree = "<group>"; };
		0B80E4FD17E6E07A00D56EA1 /* Default@2x.png */ = {isa = PBXFileReference; lastKnownFileType = image.png; path = "Default@2x.png"; sourceTree = "<group>"; };
		0B80E4FF17E6E07A00D56EA1 /* Default-568h@2x.png */ = {isa = PBXFileReference; lastKnownFileType = image.png; path = "Default-568h@2x.png"; sourceTree = "<group>"; };
		0B80E50217E6E07A00D56EA1 /* en */ = {isa = PBXFileReference; lastKnownFileType = file.storyboard; name = en; path = en.lproj/MainStoryboard.storyboard; sourceTree = "<group>"; };
		0B80E50417E6E07A00D56EA1 /* ViewController.h */ = {isa = PBXFileReference; lastKnownFileType = sourcecode.c.h; path = ViewController.h; sourceTree = "<group>"; };
		0B80E50517E6E07A00D56EA1 /* ViewController.m */ = {isa = PBXFileReference; lastKnownFileType = sourcecode.c.objc; path = ViewController.m; sourceTree = "<group>"; };
/* End PBXFileReference section */

/* Begin PBXFrameworksBuildPhase section */
		0B80E4E317E6E07A00D56EA1 /* Frameworks */ = {
			isa = PBXFrameworksBuildPhase;
			buildActionMask = 2147483647;
			files = (
				0B80E4EA17E6E07A00D56EA1 /* UIKit.framework in Frameworks */,
				0B80E4EC17E6E07A00D56EA1 /* Foundation.framework in Frameworks */,
				0B80E4EE17E6E07A00D56EA1 /* CoreGraphics.framework in Frameworks */,
			);
			runOnlyForDeploymentPostprocessing = 0;
		};
/* End PBXFrameworksBuildPhase section */

/* Begin PBXGroup section */
		0B80E4DD17E6E07A00D56EA1 = {
			isa = PBXGroup;
			children = (
				0B80E4EF17E6E07A00D56EA1 /* aaaaaaaaa */,
				0B80E4E817E6E07A00D56EA1 /* Frameworks */,
				0B80E4E717E6E07A00D56EA1 /* Products */,
			);
			sourceTree = "<group>";
		};
		0B80E4E717E6E07A00D56EA1 /* Products */ = {
			isa = PBXGroup;
			children = (
				0B80E4E617E6E07A00D56EA1 /* aaaaaaaaa.app */,
			);
			name = Products;
			sourceTree = "<group>";
		};
		0B80E4E817E6E07A00D56EA1 /* Frameworks */ = {
			isa = PBXGroup;
			children = (
				0B80E4E917E6E07A00D56EA1 /* UIKit.framework */,
				0B80E4EB17E6E07A00D56EA1 /* Foundation.framework */,
				0B80E4ED17E6E07A00D56EA1 /* CoreGraphics.framework */,
			);
			name = Frameworks;
			sourceTree = "<group>";
		};
		0B80E4EF17E6E07A00D56EA1 /* aaaaaaaaa */ = {
			isa = PBXGroup;
			children = (
				0B80E4F817E6E07A00D56EA1 /* AppDelegate.h */,
				0B80E4F917E6E07A00D56EA1 /* AppDelegate.m */,
				0B80E50117E6E07A00D56EA1 /* MainStoryboard.storyboard */,
				0B80E50417E6E07A00D56EA1 /* ViewController.h */,
				0B80E50517E6E07A00D56EA1 /* ViewController.m */,
				0B80E4F017E6E07A00D56EA1 /* Supporting Files */,
			);
			path = aaaaaaaaa;
			sourceTree = "<group>";
		};
		0B80E4F017E6E07A00D56EA1 /* Supporting Files */ = {
			isa = PBXGroup;
			children = (
				0B80E4F117E6E07A00D56EA1 /* aaaaaaaaa-Info.plist */,
				0B80E4F217E6E07A00D56EA1 /* InfoPlist.strings */,
				0B80E4F517E6E07A00D56EA1 /* main.m */,
				0B80E4F717E6E07A00D56EA1 /* aaaaaaaaa-Prefix.pch */,
				0B80E4FB17E6E07A00D56EA1 /* Default.png */,
				0B80E4FD17E6E07A00D56EA1 /* Default@2x.png */,
				0B80E4FF17E6E07A00D56EA1 /* Default-568h@2x.png */,
			);
			name = "Supporting Files";
			sourceTree = "<group>";
		};
/* End PBXGroup section */

/* Begin PBXNativeTarget section */
		0B80E4E517E6E07A00D56EA1 /* aaaaaaaaa */ = {
			isa = PBXNativeTarget;
			buildConfigurationList = 0B80E50917E6E07A00D56EA1 /* Build configuration list for PBXNativeTarget "aaaaaaaaa" */;
			buildPhases = (
				0B80E4E217E6E07A00D56EA1 /* Sources */,
				0B80E4E317E6E07A00D56EA1 /* Frameworks */,
				0B80E4E417E6E07A00D56EA1 /* Resources */,
			);
			buildRules = (
			);
			dependencies = (
			);
			name = aaaaaaaaa;
			productName = aaaaaaaaa;
			productReference = 0B80E4E617E6E07A00D56EA1 /* aaaaaaaaa.app */;
			productType = "com.apple.product-type.application";
		};
/* End PBXNativeTarget section */

/* Begin PBXProject section */
		0B80E4DE17E6E07A00D56EA1 /* Project object */ = {
			isa = PBXProject;
			attributes = {
				LastUpgradeCheck = 0460;
				ORGANIZATIONNAME = "Pop Shorts";
			};
			buildConfigurationList = 0B80E4E117E6E07A00D56EA1 /* Build configuration list for PBXProject "aaaaaaaaa" */;
			compatibilityVersion = "Xcode 3.2";
			developmentRegion = English;
			hasScannedForEncodings = 0;
			knownRegions = (
				en,
			);
			mainGroup = 0B80E4DD17E6E07A00D56EA1;
			productRefGroup = 0B80E4E717E6E07A00D56EA1 /* Products */;
			projectDirPath = "";
			projectRoot = "";
			targets = (
				0B80E4E517E6E07A00D56EA1 /* aaaaaaaaa */,
			);
		};
/* End PBXProject section */

/* Begin PBXResourcesBuildPhase section */
		0B80E4E417E6E07A00D56EA1 /* Resources */ = {
			isa = PBXResourcesBuildPhase;
			buildActionMask = 2147483647;
			files = (
				0B80E4F417E6E07A00D56EA1 /* InfoPlist.strings in Resources */,
				0B80E4FC17E6E07A00D56EA1 /* Default.png in Resources */,
				0B80E4FE17E6E07A00D56EA1 /* Default@2x.png in Resources */,
				0B80E50017E6E07A00D56EA1 /* Default-568h@2x.png in Resources */,
				0B80E50317E6E07A00D56EA1 /* MainStoryboard.storyboard in Resources */,
			);
			runOnlyForDeploymentPostprocessing = 0;
		};
/* End PBXResourcesBuildPhase section */

/* Begin PBXSourcesBuildPhase section */
		0B80E4E217E6E07A00D56EA1 /* Sources */ = {
			isa = PBXSourcesBuildPhase;
			buildActionMask = 2147483647;
			files = (
				0B80E4F617E6E07A00D56EA1 /* main.m in Sources */,
				0B80E4FA17E6E07A00D56EA1 /* AppDelegate.m in Sources */,
				0B80E50617E6E07A00D56EA1 /* ViewController.m in Sources */,
			);
			runOnlyForDeploymentPostprocessing = 0;
		};
/* End PBXSourcesBuildPhase section */

/* Begin PBXVariantGroup section */
		0B80E4F217E6E07A00D56EA1 /* InfoPlist.strings */ = {
			isa = PBXVariantGroup;
			children = (
				0B80E4F317E6E07A00D56EA1 /* en */,
			);
			name = InfoPlist.strings;
			sourceTree = "<group>";
		};
		0B80E50117E6E07A00D56EA1 /* MainStoryboard.storyboard */ = {
			isa = PBXVariantGroup;
			children = (
				0B80E50217E6E07A00D56EA1 /* en */,
			);
			name = MainStoryboard.storyboard;
			sourceTree = "<group>";
		};
/* End PBXVariantGroup section */

/* Begin XCBuildConfiguration section */
		0B80E50717E6E07A00D56EA1 /* Debug */ = {
			isa = XCBuildConfiguration;
			buildSettings = {
				ALWAYS_SEARCH_USER_PATHS = NO;
				CLANG_CXX_LANGUAGE_STANDARD = "gnu++0x";
				CLANG_CXX_LIBRARY = "libc++";
				CLANG_ENABLE_OBJC_ARC = YES;
				CLANG_WARN_CONSTANT_CONVERSION = YES;
				CLANG_WARN_EMPTY_BODY = YES;
				CLANG_WARN_ENUM_CONVERSION = YES;
				CLANG_WARN_INT_CONVERSION = YES;
				CLANG_WARN__DUPLICATE_METHOD_MATCH = YES;
				"CODE_SIGN_IDENTITY[sdk=iphoneos*]" = "iPhone Developer";
				COPY_PHASE_STRIP = NO;
				GCC_C_LANGUAGE_STANDARD = gnu99;
				GCC_DYNAMIC_NO_PIC = NO;
				GCC_OPTIMIZATION_LEVEL = 0;
				GCC_PREPROCESSOR_DEFINITIONS = (
					"DEBUG=1",
					"$(inherited)",
				);
				GCC_SYMBOLS_PRIVATE_EXTERN = NO;
				GCC_WARN_ABOUT_RETURN_TYPE = YES;
				GCC_WARN_UNINITIALIZED_AUTOS = YES;
				GCC_WARN_UNUSED_VARIABLE = YES;
				IPHONEOS_DEPLOYMENT_TARGET = 6.1;
				ONLY_ACTIVE_ARCH = YES;
				SDKROOT = iphoneos;
			};
			name = Debug;
		};
		0B80E50817E6E07A00D56EA1 /* Release */ = {
			isa = XCBuildConfiguration;
			buildSettings = {
				ALWAYS_SEARCH_USER_PATHS = NO;
				CLANG_CXX_LANGUAGE_STANDARD = "gnu++0x";
				CLANG_CXX_LIBRARY = "libc++";
				CLANG_ENABLE_OBJC_ARC = YES;
				CLANG_WARN_CONSTANT_CONVERSION = YES;
				CLANG_WARN_EMPTY_BODY = YES;
				CLANG_WARN_ENUM_CONVERSION = YES;
				CLANG_WARN_INT_CONVERSION = YES;
				CLANG_WARN__DUPLICATE_METHOD_MATCH = YES;
				"CODE_SIGN_IDENTITY[sdk=iphoneos*]" = "iPhone Developer";
				COPY_PHASE_STRIP = YES;
				GCC_C_LANGUAGE_STANDARD = gnu99;
				GCC_WARN_ABOUT_RETURN_TYPE = YES;
				GCC_WARN_UNINITIALIZED_AUTOS = YES;
				GCC_WARN_UNUSED_VARIABLE = YES;
				IPHONEOS_DEPLOYMENT_TARGET = 6.1;
				OTHER_CFLAGS = "-DNS_BLOCK_ASSERTIONS=1";
				SDKROOT = iphoneos;
				VALIDATE_PRODUCT = YES;
			};
			name = Release;
		};
		0B80E50A17E6E07A00D56EA1 /* Debug */ = {
			isa = XCBuildConfiguration;
			buildSettings = {
				GCC_PRECOMPILE_PREFIX_HEADER = YES;
				GCC_PREFIX_HEADER = "aaaaaaaaa/aaaaaaaaa-Prefix.pch";
				INFOPLIST_FILE = "aaaaaaaaa/aaaaaaaaa-Info.plist";
				PRODUCT_NAME = "$(TARGET_NAME)";
				WRAPPER_EXTENSION = app;
			};
			name = Debug;
		};
		0B80E50B17E6E07A00D56EA1 /* Release */ = {
			isa = XCBuildConfiguration;
			buildSettings = {
				GCC_PRECOMPILE_PREFIX_HEADER = YES;
				GCC_PREFIX_HEADER = "aaaaaaaaa/aaaaaaaaa-Prefix.pch";
				INFOPLIST_FILE = "aaaaaaaaa/aaaaaaaaa-Info.plist";
				PRODUCT_NAME = "$(TARGET_NAME)";
				WRAPPER_EXTENSION = app;
			};
			name = Release;
		};
/* End XCBuildConfiguration section */

/* Begin XCConfigurationList section */
		0B80E4E117E6E07A00D56EA1 /* Build configuration list for PBXProject "aaaaaaaaa" */ = {
			isa = XCConfigurationList;
			buildConfigurations = (
				0B80E50717E6E07A00D56EA1 /* Debug */,
				0B80E50817E6E07A00D56EA1 /* Release */,
			);
			defaultConfigurationIsVisible = 0;
			defaultConfigurationName = Release;
		};
		0B80E50917E6E07A00D56EA1 /* Build configuration list for PBXNativeTarget "aaaaaaaaa" */ = {
			isa = XCConfigurationList;
			buildConfigurations = (
				0B80E50A17E6E07A00D56EA1 /* Debug */,
				0B80E50B17E6E07A00D56EA1 /* Release */,
			);
			defaultConfigurationIsVisible = 0;
		};
/* End XCConfigurationList section */
	};
	rootObject = 0B80E4DE17E6E07A00D56EA1 /* Project object */;
}
